// !$*UTF8*$!
{
	archiveVersion = 1;
	classes = {
	};
	objectVersion = 50;
	objects = {

/* Begin PBXBuildFile section */
		20290AF9DF91C16D46EAFA2C /* libPods-Movie AppTests.a in Frameworks */ = {isa = PBXBuildFile; fileRef = C11640793189885CD664C8AF /* libPods-Movie AppTests.a */; };
		B20FB4DA21777C34000799A9 /* UserDefaults.swift in Sources */ = {isa = PBXBuildFile; fileRef = B20FB4D921777C34000799A9 /* UserDefaults.swift */; };
		B20FB4DC21777D0E000799A9 /* UserDefaultsKeys.swift in Sources */ = {isa = PBXBuildFile; fileRef = B20FB4DB21777D0E000799A9 /* UserDefaultsKeys.swift */; };
		B20FB4DE21785E11000799A9 /* MovieDataBaseService.swift in Sources */ = {isa = PBXBuildFile; fileRef = B20FB4DD21785E11000799A9 /* MovieDataBaseService.swift */; };
		B226870B21E0607700D66247 /* Episode.swift in Sources */ = {isa = PBXBuildFile; fileRef = B226870A21E0607700D66247 /* Episode.swift */; };
		B226870D21E0609200D66247 /* Season.swift in Sources */ = {isa = PBXBuildFile; fileRef = B226870C21E0609200D66247 /* Season.swift */; };
		B226871021E0612900D66247 /* Crew.swift in Sources */ = {isa = PBXBuildFile; fileRef = B226870F21E0612900D66247 /* Crew.swift */; };
		B226871221E071ED00D66247 /* Star.swift in Sources */ = {isa = PBXBuildFile; fileRef = B226871121E071ED00D66247 /* Star.swift */; };
		B24634B12171B951003FA4A4 /* Movie.swift in Sources */ = {isa = PBXBuildFile; fileRef = B24634B02171B951003FA4A4 /* Movie.swift */; };
		B24634B32171BB3D003FA4A4 /* ProductionModel.swift in Sources */ = {isa = PBXBuildFile; fileRef = B24634B22171BB3D003FA4A4 /* ProductionModel.swift */; };
		B25B2F0021E331FA00FA908F /* Movie_AppTests.swift in Sources */ = {isa = PBXBuildFile; fileRef = B25B2EFF21E331FA00FA908F /* Movie_AppTests.swift */; };
		B25B2F0821E3321600FA908F /* CreditTest.swift in Sources */ = {isa = PBXBuildFile; fileRef = B25B2F0721E3321600FA908F /* CreditTest.swift */; };
		B25B2F0B21E397E400FA908F /* Network.swift in Sources */ = {isa = PBXBuildFile; fileRef = B25B2F0A21E397E400FA908F /* Network.swift */; };
		B25B2F0D21E46B1F00FA908F /* NetworkTest.swift in Sources */ = {isa = PBXBuildFile; fileRef = B25B2F0C21E46B1F00FA908F /* NetworkTest.swift */; };
		B25B2F0F21E4E3FC00FA908F /* Person.swift in Sources */ = {isa = PBXBuildFile; fileRef = B25B2F0E21E4E3FC00FA908F /* Person.swift */; };
		B25B2F1121E4E85A00FA908F /* PersonTest.swift in Sources */ = {isa = PBXBuildFile; fileRef = B25B2F1021E4E85A00FA908F /* PersonTest.swift */; };
		B2944641217644E0008011FC /* ApiKeys.swift in Sources */ = {isa = PBXBuildFile; fileRef = B2944640217644E0008011FC /* ApiKeys.swift */; };
		B2944643217644F9008011FC /* ApiManager.swift in Sources */ = {isa = PBXBuildFile; fileRef = B2944642217644F9008011FC /* ApiManager.swift */; };
		B2962C0421DF466F00F06A4C /* Company.swift in Sources */ = {isa = PBXBuildFile; fileRef = B2962C0321DF466F00F06A4C /* Company.swift */; };
		B2962C0721DF4A1900F06A4C /* Credit.swift in Sources */ = {isa = PBXBuildFile; fileRef = B2962C0621DF4A1900F06A4C /* Credit.swift */; };
		B2B359C9226A2EA8000ACCBB /* NetworkTests.swift in Sources */ = {isa = PBXBuildFile; fileRef = B2B359C8226A2EA8000ACCBB /* NetworkTests.swift */; };
		B2C3A57E21722AE70047923E /* UserModel.swift in Sources */ = {isa = PBXBuildFile; fileRef = B2C3A57D21722AE70047923E /* UserModel.swift */; };
		B2E158892171B192007C8A93 /* AppDelegate.swift in Sources */ = {isa = PBXBuildFile; fileRef = B2E158882171B192007C8A93 /* AppDelegate.swift */; };
		B2E1588B2171B192007C8A93 /* ViewController.swift in Sources */ = {isa = PBXBuildFile; fileRef = B2E1588A2171B192007C8A93 /* ViewController.swift */; };
		B2E1588E2171B192007C8A93 /* Main.storyboard in Resources */ = {isa = PBXBuildFile; fileRef = B2E1588C2171B192007C8A93 /* Main.storyboard */; };
		B2E158902171B194007C8A93 /* Assets.xcassets in Resources */ = {isa = PBXBuildFile; fileRef = B2E1588F2171B194007C8A93 /* Assets.xcassets */; };
		B2E158932171B194007C8A93 /* LaunchScreen.storyboard in Resources */ = {isa = PBXBuildFile; fileRef = B2E158912171B194007C8A93 /* LaunchScreen.storyboard */; };
		FEA2B4EE9F29BBFFCD8B5C17 /* libPods-Movie App.a in Frameworks */ = {isa = PBXBuildFile; fileRef = BE7F5024272251F2A3B4B8D7 /* libPods-Movie App.a */; };
/* End PBXBuildFile section */

/* Begin PBXContainerItemProxy section */
		B25B2F0221E331FA00FA908F /* PBXContainerItemProxy */ = {
			isa = PBXContainerItemProxy;
			containerPortal = B2E1587D2171B192007C8A93 /* Project object */;
			proxyType = 1;
			remoteGlobalIDString = B2E158842171B192007C8A93;
			remoteInfo = "Movie App";
		};
/* End PBXContainerItemProxy section */

/* Begin PBXFileReference section */
		6115AB6344EF464F2BEC9B0B /* Pods-Movie AppTests.release.xcconfig */ = {isa = PBXFileReference; includeInIndex = 1; lastKnownFileType = text.xcconfig; name = "Pods-Movie AppTests.release.xcconfig"; path = "Pods/Target Support Files/Pods-Movie AppTests/Pods-Movie AppTests.release.xcconfig"; sourceTree = "<group>"; };
		72468C9C941A878E849ECA5B /* Pods-Movie App.debug.xcconfig */ = {isa = PBXFileReference; includeInIndex = 1; lastKnownFileType = text.xcconfig; name = "Pods-Movie App.debug.xcconfig"; path = "Pods/Target Support Files/Pods-Movie App/Pods-Movie App.debug.xcconfig"; sourceTree = "<group>"; };
		9770ADAEC936EEFC4682AB4C /* Pods-Movie App.release.xcconfig */ = {isa = PBXFileReference; includeInIndex = 1; lastKnownFileType = text.xcconfig; name = "Pods-Movie App.release.xcconfig"; path = "Pods/Target Support Files/Pods-Movie App/Pods-Movie App.release.xcconfig"; sourceTree = "<group>"; };
		A4C87437CA534CC07DB948CD /* Pods-Movie AppTests.debug.xcconfig */ = {isa = PBXFileReference; includeInIndex = 1; lastKnownFileType = text.xcconfig; name = "Pods-Movie AppTests.debug.xcconfig"; path = "Pods/Target Support Files/Pods-Movie AppTests/Pods-Movie AppTests.debug.xcconfig"; sourceTree = "<group>"; };
		B20FB4D921777C34000799A9 /* UserDefaults.swift */ = {isa = PBXFileReference; lastKnownFileType = sourcecode.swift; path = UserDefaults.swift; sourceTree = "<group>"; };
		B20FB4DB21777D0E000799A9 /* UserDefaultsKeys.swift */ = {isa = PBXFileReference; lastKnownFileType = sourcecode.swift; path = UserDefaultsKeys.swift; sourceTree = "<group>"; };
		B20FB4DD21785E11000799A9 /* MovieDataBaseService.swift */ = {isa = PBXFileReference; lastKnownFileType = sourcecode.swift; path = MovieDataBaseService.swift; sourceTree = "<group>"; };
		B226870A21E0607700D66247 /* Episode.swift */ = {isa = PBXFileReference; lastKnownFileType = sourcecode.swift; path = Episode.swift; sourceTree = "<group>"; };
		B226870C21E0609200D66247 /* Season.swift */ = {isa = PBXFileReference; lastKnownFileType = sourcecode.swift; path = Season.swift; sourceTree = "<group>"; };
		B226870F21E0612900D66247 /* Crew.swift */ = {isa = PBXFileReference; lastKnownFileType = sourcecode.swift; path = Crew.swift; sourceTree = "<group>"; };
		B226871121E071ED00D66247 /* Star.swift */ = {isa = PBXFileReference; lastKnownFileType = sourcecode.swift; path = Star.swift; sourceTree = "<group>"; };
		B24634B02171B951003FA4A4 /* Movie.swift */ = {isa = PBXFileReference; lastKnownFileType = sourcecode.swift; path = Movie.swift; sourceTree = "<group>"; };
		B24634B22171BB3D003FA4A4 /* ProductionModel.swift */ = {isa = PBXFileReference; lastKnownFileType = sourcecode.swift; path = ProductionModel.swift; sourceTree = "<group>"; };
		B25B2EFD21E331FA00FA908F /* Movie AppTests.xctest */ = {isa = PBXFileReference; explicitFileType = wrapper.cfbundle; includeInIndex = 0; path = "Movie AppTests.xctest"; sourceTree = BUILT_PRODUCTS_DIR; };
		B25B2EFF21E331FA00FA908F /* Movie_AppTests.swift */ = {isa = PBXFileReference; lastKnownFileType = sourcecode.swift; path = Movie_AppTests.swift; sourceTree = "<group>"; };
		B25B2F0121E331FA00FA908F /* Info.plist */ = {isa = PBXFileReference; lastKnownFileType = text.plist.xml; path = Info.plist; sourceTree = "<group>"; };
		B25B2F0721E3321600FA908F /* CreditTest.swift */ = {isa = PBXFileReference; lastKnownFileType = sourcecode.swift; path = CreditTest.swift; sourceTree = "<group>"; };
		B25B2F0A21E397E400FA908F /* Network.swift */ = {isa = PBXFileReference; lastKnownFileType = sourcecode.swift; path = Network.swift; sourceTree = "<group>"; };
		B25B2F0C21E46B1F00FA908F /* NetworkTest.swift */ = {isa = PBXFileReference; lastKnownFileType = sourcecode.swift; path = NetworkTest.swift; sourceTree = "<group>"; };
		B25B2F0E21E4E3FC00FA908F /* Person.swift */ = {isa = PBXFileReference; lastKnownFileType = sourcecode.swift; path = Person.swift; sourceTree = "<group>"; };
		B25B2F1021E4E85A00FA908F /* PersonTest.swift */ = {isa = PBXFileReference; lastKnownFileType = sourcecode.swift; path = PersonTest.swift; sourceTree = "<group>"; };
		B2944640217644E0008011FC /* ApiKeys.swift */ = {isa = PBXFileReference; lastKnownFileType = sourcecode.swift; path = ApiKeys.swift; sourceTree = "<group>"; };
		B2944642217644F9008011FC /* ApiManager.swift */ = {isa = PBXFileReference; lastKnownFileType = sourcecode.swift; path = ApiManager.swift; sourceTree = "<group>"; };
		B2962C0321DF466F00F06A4C /* Company.swift */ = {isa = PBXFileReference; lastKnownFileType = sourcecode.swift; path = Company.swift; sourceTree = "<group>"; };
		B2962C0621DF4A1900F06A4C /* Credit.swift */ = {isa = PBXFileReference; lastKnownFileType = sourcecode.swift; path = Credit.swift; sourceTree = "<group>"; };
		B2B359C8226A2EA8000ACCBB /* NetworkTests.swift */ = {isa = PBXFileReference; lastKnownFileType = sourcecode.swift; path = NetworkTests.swift; sourceTree = "<group>"; };
		B2C3A57D21722AE70047923E /* UserModel.swift */ = {isa = PBXFileReference; lastKnownFileType = sourcecode.swift; path = UserModel.swift; sourceTree = "<group>"; };
		B2E158852171B192007C8A93 /* Movie App.app */ = {isa = PBXFileReference; explicitFileType = wrapper.application; includeInIndex = 0; path = "Movie App.app"; sourceTree = BUILT_PRODUCTS_DIR; };
		B2E158882171B192007C8A93 /* AppDelegate.swift */ = {isa = PBXFileReference; lastKnownFileType = sourcecode.swift; path = AppDelegate.swift; sourceTree = "<group>"; };
		B2E1588A2171B192007C8A93 /* ViewController.swift */ = {isa = PBXFileReference; lastKnownFileType = sourcecode.swift; path = ViewController.swift; sourceTree = "<group>"; };
		B2E1588D2171B192007C8A93 /* Base */ = {isa = PBXFileReference; lastKnownFileType = file.storyboard; name = Base; path = Base.lproj/Main.storyboard; sourceTree = "<group>"; };
		B2E1588F2171B194007C8A93 /* Assets.xcassets */ = {isa = PBXFileReference; lastKnownFileType = folder.assetcatalog; path = Assets.xcassets; sourceTree = "<group>"; };
		B2E158922171B194007C8A93 /* Base */ = {isa = PBXFileReference; lastKnownFileType = file.storyboard; name = Base; path = Base.lproj/LaunchScreen.storyboard; sourceTree = "<group>"; };
		B2E158942171B194007C8A93 /* Info.plist */ = {isa = PBXFileReference; lastKnownFileType = text.plist.xml; path = Info.plist; sourceTree = "<group>"; };
		BE7F5024272251F2A3B4B8D7 /* libPods-Movie App.a */ = {isa = PBXFileReference; explicitFileType = archive.ar; includeInIndex = 0; path = "libPods-Movie App.a"; sourceTree = BUILT_PRODUCTS_DIR; };
		C11640793189885CD664C8AF /* libPods-Movie AppTests.a */ = {isa = PBXFileReference; explicitFileType = archive.ar; includeInIndex = 0; path = "libPods-Movie AppTests.a"; sourceTree = BUILT_PRODUCTS_DIR; };
/* End PBXFileReference section */

/* Begin PBXFrameworksBuildPhase section */
		B25B2EFA21E331FA00FA908F /* Frameworks */ = {
			isa = PBXFrameworksBuildPhase;
			buildActionMask = 2147483647;
			files = (
				20290AF9DF91C16D46EAFA2C /* libPods-Movie AppTests.a in Frameworks */,
			);
			runOnlyForDeploymentPostprocessing = 0;
		};
		B2E158822171B192007C8A93 /* Frameworks */ = {
			isa = PBXFrameworksBuildPhase;
			buildActionMask = 2147483647;
			files = (
				FEA2B4EE9F29BBFFCD8B5C17 /* libPods-Movie App.a in Frameworks */,
			);
			runOnlyForDeploymentPostprocessing = 0;
		};
/* End PBXFrameworksBuildPhase section */

/* Begin PBXGroup section */
		0ECD8D0BE1FA493E7E3DBDE8 /* Pods */ = {
			isa = PBXGroup;
			children = (
				72468C9C941A878E849ECA5B /* Pods-Movie App.debug.xcconfig */,
				9770ADAEC936EEFC4682AB4C /* Pods-Movie App.release.xcconfig */,
				A4C87437CA534CC07DB948CD /* Pods-Movie AppTests.debug.xcconfig */,
				6115AB6344EF464F2BEC9B0B /* Pods-Movie AppTests.release.xcconfig */,
			);
			name = Pods;
			sourceTree = "<group>";
		};
		858FAE8CC5DD58B0DF652E9A /* Frameworks */ = {
			isa = PBXGroup;
			children = (
				BE7F5024272251F2A3B4B8D7 /* libPods-Movie App.a */,
				C11640793189885CD664C8AF /* libPods-Movie AppTests.a */,
			);
			name = Frameworks;
			sourceTree = "<group>";
		};
		B226870E21E0611600D66247 /* CastingModel */ = {
			isa = PBXGroup;
			children = (
				B226870F21E0612900D66247 /* Crew.swift */,
				B226871121E071ED00D66247 /* Star.swift */,
			);
			path = CastingModel;
			sourceTree = "<group>";
		};
		B25B2EFE21E331FA00FA908F /* Movie AppTests */ = {
			isa = PBXGroup;
			children = (
				B2B359C7226A2D8E000ACCBB /* ModelTest */,
				B25B2EFF21E331FA00FA908F /* Movie_AppTests.swift */,
				B25B2F0121E331FA00FA908F /* Info.plist */,
				B25B2F0721E3321600FA908F /* CreditTest.swift */,
				B25B2F0C21E46B1F00FA908F /* NetworkTest.swift */,
				B25B2F1021E4E85A00FA908F /* PersonTest.swift */,
			);
			path = "Movie AppTests";
			sourceTree = "<group>";
		};
		B25B2F0921E397D100FA908F /* Network */ = {
			isa = PBXGroup;
			children = (
				B25B2F0A21E397E400FA908F /* Network.swift */,
			);
			path = Network;
			sourceTree = "<group>";
		};
		B294463E217644AE008011FC /* Networking */ = {
			isa = PBXGroup;
			children = (
				B2944642217644F9008011FC /* ApiManager.swift */,
				B20FB4DD21785E11000799A9 /* MovieDataBaseService.swift */,
			);
			path = Networking;
			sourceTree = "<group>";
		};
		B294463F217644BE008011FC /* UserData */ = {
			isa = PBXGroup;
			children = (
				B2944640217644E0008011FC /* ApiKeys.swift */,
				B20FB4D921777C34000799A9 /* UserDefaults.swift */,
				B20FB4DB21777D0E000799A9 /* UserDefaultsKeys.swift */,
			);
			path = UserData;
			sourceTree = "<group>";
		};
		B2962C0521DF49F600F06A4C /* Person */ = {
			isa = PBXGroup;
			children = (
				B25B2F0E21E4E3FC00FA908F /* Person.swift */,
			);
			path = Person;
			sourceTree = "<group>";
		};
		B2B359C7226A2D8E000ACCBB /* ModelTest */ = {
			isa = PBXGroup;
			children = (
				B2B359C8226A2EA8000ACCBB /* NetworkTests.swift */,
			);
			path = ModelTest;
			sourceTree = "<group>";
		};
		B2E1587C2171B192007C8A93 = {
			isa = PBXGroup;
			children = (
				B2E158872171B192007C8A93 /* Movie App */,
				B25B2EFE21E331FA00FA908F /* Movie AppTests */,
				B2E158862171B192007C8A93 /* Products */,
				0ECD8D0BE1FA493E7E3DBDE8 /* Pods */,
				858FAE8CC5DD58B0DF652E9A /* Frameworks */,
			);
			sourceTree = "<group>";
		};
		B2E158862171B192007C8A93 /* Products */ = {
			isa = PBXGroup;
			children = (
				B2E158852171B192007C8A93 /* Movie App.app */,
				B25B2EFD21E331FA00FA908F /* Movie AppTests.xctest */,
			);
			name = Products;
			sourceTree = "<group>";
		};
		B2E158872171B192007C8A93 /* Movie App */ = {
			isa = PBXGroup;
			children = (
				B294463F217644BE008011FC /* UserData */,
				B294463E217644AE008011FC /* Networking */,
				B2E1589A2171B3BE007C8A93 /* Model */,
				B2E158882171B192007C8A93 /* AppDelegate.swift */,
				B2E1588A2171B192007C8A93 /* ViewController.swift */,
				B2E1588C2171B192007C8A93 /* Main.storyboard */,
				B2E1588F2171B194007C8A93 /* Assets.xcassets */,
				B2E158912171B194007C8A93 /* LaunchScreen.storyboard */,
				B2E158942171B194007C8A93 /* Info.plist */,
			);
			path = "Movie App";
			sourceTree = "<group>";
		};
		B2E1589A2171B3BE007C8A93 /* Model */ = {
			isa = PBXGroup;
			children = (
				B25B2F0921E397D100FA908F /* Network */,
				B226870E21E0611600D66247 /* CastingModel */,
				B2962C0521DF49F600F06A4C /* Person */,
				B24634B02171B951003FA4A4 /* Movie.swift */,
				B24634B22171BB3D003FA4A4 /* ProductionModel.swift */,
				B2C3A57D21722AE70047923E /* UserModel.swift */,
				B2962C0321DF466F00F06A4C /* Company.swift */,
				B2962C0621DF4A1900F06A4C /* Credit.swift */,
				B226870A21E0607700D66247 /* Episode.swift */,
				B226870C21E0609200D66247 /* Season.swift */,
			);
			path = Model;
			sourceTree = "<group>";
		};
/* End PBXGroup section */

/* Begin PBXNativeTarget section */
		B25B2EFC21E331FA00FA908F /* Movie AppTests */ = {
			isa = PBXNativeTarget;
			buildConfigurationList = B25B2F0621E331FA00FA908F /* Build configuration list for PBXNativeTarget "Movie AppTests" */;
			buildPhases = (
				63F73EC933143BCFF672F0B1 /* [CP] Check Pods Manifest.lock */,
				B25B2EF921E331FA00FA908F /* Sources */,
				B25B2EFA21E331FA00FA908F /* Frameworks */,
				B25B2EFB21E331FA00FA908F /* Resources */,
			);
			buildRules = (
			);
			dependencies = (
				B25B2F0321E331FA00FA908F /* PBXTargetDependency */,
			);
			name = "Movie AppTests";
			productName = "Movie AppTests";
			productReference = B25B2EFD21E331FA00FA908F /* Movie AppTests.xctest */;
			productType = "com.apple.product-type.bundle.unit-test";
		};
		B2E158842171B192007C8A93 /* Movie App */ = {
			isa = PBXNativeTarget;
			buildConfigurationList = B2E158972171B194007C8A93 /* Build configuration list for PBXNativeTarget "Movie App" */;
			buildPhases = (
				6BCF90C3EBCB3AAF91C5BB61 /* [CP] Check Pods Manifest.lock */,
				B2E158812171B192007C8A93 /* Sources */,
				B2E158822171B192007C8A93 /* Frameworks */,
				B2E158832171B192007C8A93 /* Resources */,
			);
			buildRules = (
			);
			dependencies = (
			);
			name = "Movie App";
			productName = "Movie App";
			productReference = B2E158852171B192007C8A93 /* Movie App.app */;
			productType = "com.apple.product-type.application";
		};
/* End PBXNativeTarget section */

/* Begin PBXProject section */
		B2E1587D2171B192007C8A93 /* Project object */ = {
			isa = PBXProject;
			attributes = {
				LastSwiftUpdateCheck = 1010;
				LastUpgradeCheck = 0930;
				ORGANIZATIONNAME = IndusUnicorn;
				TargetAttributes = {
					B25B2EFC21E331FA00FA908F = {
						CreatedOnToolsVersion = 10.1;
						TestTargetID = B2E158842171B192007C8A93;
					};
					B2E158842171B192007C8A93 = {
						CreatedOnToolsVersion = 9.3.1;
					};
				};
			};
			buildConfigurationList = B2E158802171B192007C8A93 /* Build configuration list for PBXProject "Movie App" */;
			compatibilityVersion = "Xcode 9.3";
			developmentRegion = en;
			hasScannedForEncodings = 0;
			knownRegions = (
				en,
				Base,
			);
			mainGroup = B2E1587C2171B192007C8A93;
			productRefGroup = B2E158862171B192007C8A93 /* Products */;
			projectDirPath = "";
			projectRoot = "";
			targets = (
				B2E158842171B192007C8A93 /* Movie App */,
				B25B2EFC21E331FA00FA908F /* Movie AppTests */,
			);
		};
/* End PBXProject section */

/* Begin PBXResourcesBuildPhase section */
		B25B2EFB21E331FA00FA908F /* Resources */ = {
			isa = PBXResourcesBuildPhase;
			buildActionMask = 2147483647;
			files = (
			);
			runOnlyForDeploymentPostprocessing = 0;
		};
		B2E158832171B192007C8A93 /* Resources */ = {
			isa = PBXResourcesBuildPhase;
			buildActionMask = 2147483647;
			files = (
				B2E158932171B194007C8A93 /* LaunchScreen.storyboard in Resources */,
				B2E158902171B194007C8A93 /* Assets.xcassets in Resources */,
				B2E1588E2171B192007C8A93 /* Main.storyboard in Resources */,
			);
			runOnlyForDeploymentPostprocessing = 0;
		};
/* End PBXResourcesBuildPhase section */

/* Begin PBXShellScriptBuildPhase section */
		63F73EC933143BCFF672F0B1 /* [CP] Check Pods Manifest.lock */ = {
			isa = PBXShellScriptBuildPhase;
			buildActionMask = 2147483647;
			files = (
			);
			inputPaths = (
				"${PODS_PODFILE_DIR_PATH}/Podfile.lock",
				"${PODS_ROOT}/Manifest.lock",
			);
			name = "[CP] Check Pods Manifest.lock";
			outputPaths = (
				"$(DERIVED_FILE_DIR)/Pods-Movie AppTests-checkManifestLockResult.txt",
			);
			runOnlyForDeploymentPostprocessing = 0;
			shellPath = /bin/sh;
			shellScript = "diff \"${PODS_PODFILE_DIR_PATH}/Podfile.lock\" \"${PODS_ROOT}/Manifest.lock\" > /dev/null\nif [ $? != 0 ] ; then\n    # print error to STDERR\n    echo \"error: The sandbox is not in sync with the Podfile.lock. Run 'pod install' or update your CocoaPods installation.\" >&2\n    exit 1\nfi\n# This output is used by Xcode 'outputs' to avoid re-running this script phase.\necho \"SUCCESS\" > \"${SCRIPT_OUTPUT_FILE_0}\"\n";
			showEnvVarsInLog = 0;
		};
		6BCF90C3EBCB3AAF91C5BB61 /* [CP] Check Pods Manifest.lock */ = {
			isa = PBXShellScriptBuildPhase;
			buildActionMask = 2147483647;
			files = (
			);
			inputPaths = (
				"${PODS_PODFILE_DIR_PATH}/Podfile.lock",
				"${PODS_ROOT}/Manifest.lock",
			);
			name = "[CP] Check Pods Manifest.lock";
			outputPaths = (
				"$(DERIVED_FILE_DIR)/Pods-Movie App-checkManifestLockResult.txt",
			);
			runOnlyForDeploymentPostprocessing = 0;
			shellPath = /bin/sh;
			shellScript = "diff \"${PODS_PODFILE_DIR_PATH}/Podfile.lock\" \"${PODS_ROOT}/Manifest.lock\" > /dev/null\nif [ $? != 0 ] ; then\n    # print error to STDERR\n    echo \"error: The sandbox is not in sync with the Podfile.lock. Run 'pod install' or update your CocoaPods installation.\" >&2\n    exit 1\nfi\n# This output is used by Xcode 'outputs' to avoid re-running this script phase.\necho \"SUCCESS\" > \"${SCRIPT_OUTPUT_FILE_0}\"\n";
			showEnvVarsInLog = 0;
		};
/* End PBXShellScriptBuildPhase section */

/* Begin PBXSourcesBuildPhase section */
		B25B2EF921E331FA00FA908F /* Sources */ = {
			isa = PBXSourcesBuildPhase;
			buildActionMask = 2147483647;
			files = (
				B25B2F0821E3321600FA908F /* CreditTest.swift in Sources */,
				B25B2F0D21E46B1F00FA908F /* NetworkTest.swift in Sources */,
				B2B359C9226A2EA8000ACCBB /* NetworkTests.swift in Sources */,
				B25B2F1121E4E85A00FA908F /* PersonTest.swift in Sources */,
				B25B2F0021E331FA00FA908F /* Movie_AppTests.swift in Sources */,
			);
			runOnlyForDeploymentPostprocessing = 0;
		};
		B2E158812171B192007C8A93 /* Sources */ = {
			isa = PBXSourcesBuildPhase;
			buildActionMask = 2147483647;
			files = (
				B24634B32171BB3D003FA4A4 /* ProductionModel.swift in Sources */,
				B2E1588B2171B192007C8A93 /* ViewController.swift in Sources */,
				B2944641217644E0008011FC /* ApiKeys.swift in Sources */,
				B2944643217644F9008011FC /* ApiManager.swift in Sources */,
				B20FB4DC21777D0E000799A9 /* UserDefaultsKeys.swift in Sources */,
				B20FB4DA21777C34000799A9 /* UserDefaults.swift in Sources */,
				B25B2F0F21E4E3FC00FA908F /* Person.swift in Sources */,
				B2962C0721DF4A1900F06A4C /* Credit.swift in Sources */,
				B226870B21E0607700D66247 /* Episode.swift in Sources */,
				B2E158892171B192007C8A93 /* AppDelegate.swift in Sources */,
				B2962C0421DF466F00F06A4C /* Company.swift in Sources */,
				B25B2F0B21E397E400FA908F /* Network.swift in Sources */,
				B20FB4DE21785E11000799A9 /* MovieDataBaseService.swift in Sources */,
				B2C3A57E21722AE70047923E /* UserModel.swift in Sources */,
				B226870D21E0609200D66247 /* Season.swift in Sources */,
				B24634B12171B951003FA4A4 /* Movie.swift in Sources */,
				B226871021E0612900D66247 /* Crew.swift in Sources */,
				B226871221E071ED00D66247 /* Star.swift in Sources */,
			);
			runOnlyForDeploymentPostprocessing = 0;
		};
/* End PBXSourcesBuildPhase section */

/* Begin PBXTargetDependency section */
		B25B2F0321E331FA00FA908F /* PBXTargetDependency */ = {
			isa = PBXTargetDependency;
			target = B2E158842171B192007C8A93 /* Movie App */;
			targetProxy = B25B2F0221E331FA00FA908F /* PBXContainerItemProxy */;
		};
/* End PBXTargetDependency section */

/* Begin PBXVariantGroup section */
		B2E1588C2171B192007C8A93 /* Main.storyboard */ = {
			isa = PBXVariantGroup;
			children = (
				B2E1588D2171B192007C8A93 /* Base */,
			);
			name = Main.storyboard;
			sourceTree = "<group>";
		};
		B2E158912171B194007C8A93 /* LaunchScreen.storyboard */ = {
			isa = PBXVariantGroup;
			children = (
				B2E158922171B194007C8A93 /* Base */,
			);
			name = LaunchScreen.storyboard;
			sourceTree = "<group>";
		};
/* End PBXVariantGroup section */

/* Begin XCBuildConfiguration section */
		B25B2F0421E331FA00FA908F /* Debug */ = {
			isa = XCBuildConfiguration;
			baseConfigurationReference = A4C87437CA534CC07DB948CD /* Pods-Movie AppTests.debug.xcconfig */;
			buildSettings = {
				BUNDLE_LOADER = "$(TEST_HOST)";
				CODE_SIGN_STYLE = Automatic;
				DEVELOPMENT_TEAM = 6M3V2AL9BJ;
				INFOPLIST_FILE = "Movie AppTests/Info.plist";
				IPHONEOS_DEPLOYMENT_TARGET = 12.1;
				LD_RUNPATH_SEARCH_PATHS = (
					"$(inherited)",
					"@executable_path/Frameworks",
					"@loader_path/Frameworks",
				);
				MTL_ENABLE_DEBUG_INFO = INCLUDE_SOURCE;
				MTL_FAST_MATH = YES;
				PRODUCT_BUNDLE_IDENTIFIER = "com.indus.Movie-AppTests";
				PRODUCT_NAME = "$(TARGET_NAME)";
				SWIFT_VERSION = 4.2;
				TARGETED_DEVICE_FAMILY = "1,2";
				TEST_HOST = "$(BUILT_PRODUCTS_DIR)/Movie App.app/Movie App";
			};
			name = Debug;
		};
		B25B2F0521E331FA00FA908F /* Release */ = {
			isa = XCBuildConfiguration;
			baseConfigurationReference = 6115AB6344EF464F2BEC9B0B /* Pods-Movie AppTests.release.xcconfig */;
			buildSettings = {
				BUNDLE_LOADER = "$(TEST_HOST)";
				CODE_SIGN_STYLE = Automatic;
				DEVELOPMENT_TEAM = 6M3V2AL9BJ;
				INFOPLIST_FILE = "Movie AppTests/Info.plist";
				IPHONEOS_DEPLOYMENT_TARGET = 12.1;
				LD_RUNPATH_SEARCH_PATHS = (
					"$(inherited)",
					"@executable_path/Frameworks",
					"@loader_path/Frameworks",
				);
				MTL_FAST_MATH = YES;
				PRODUCT_BUNDLE_IDENTIFIER = "com.indus.Movie-AppTests";
				PRODUCT_NAME = "$(TARGET_NAME)";
				SWIFT_VERSION = 4.2;
				TARGETED_DEVICE_FAMILY = "1,2";
				TEST_HOST = "$(BUILT_PRODUCTS_DIR)/Movie App.app/Movie App";
			};
			name = Release;
		};
		B2E158952171B194007C8A93 /* Debug */ = {
			isa = XCBuildConfiguration;
			buildSettings = {
				ALWAYS_SEARCH_USER_PATHS = NO;
				CLANG_ANALYZER_NONNULL = YES;
				CLANG_ANALYZER_NUMBER_OBJECT_CONVERSION = YES_AGGRESSIVE;
				CLANG_CXX_LANGUAGE_STANDARD = "gnu++14";
				CLANG_CXX_LIBRARY = "libc++";
				CLANG_ENABLE_MODULES = YES;
				CLANG_ENABLE_OBJC_ARC = YES;
				CLANG_ENABLE_OBJC_WEAK = YES;
				CLANG_WARN_BLOCK_CAPTURE_AUTORELEASING = YES;
				CLANG_WARN_BOOL_CONVERSION = YES;
				CLANG_WARN_COMMA = YES;
				CLANG_WARN_CONSTANT_CONVERSION = YES;
				CLANG_WARN_DEPRECATED_OBJC_IMPLEMENTATIONS = YES;
				CLANG_WARN_DIRECT_OBJC_ISA_USAGE = YES_ERROR;
				CLANG_WARN_DOCUMENTATION_COMMENTS = YES;
				CLANG_WARN_EMPTY_BODY = YES;
				CLANG_WARN_ENUM_CONVERSION = YES;
				CLANG_WARN_INFINITE_RECURSION = YES;
				CLANG_WARN_INT_CONVERSION = YES;
				CLANG_WARN_NON_LITERAL_NULL_CONVERSION = YES;
				CLANG_WARN_OBJC_IMPLICIT_RETAIN_SELF = YES;
				CLANG_WARN_OBJC_LITERAL_CONVERSION = YES;
				CLANG_WARN_OBJC_ROOT_CLASS = YES_ERROR;
				CLANG_WARN_RANGE_LOOP_ANALYSIS = YES;
				CLANG_WARN_STRICT_PROTOTYPES = YES;
				CLANG_WARN_SUSPICIOUS_MOVE = YES;
				CLANG_WARN_UNGUARDED_AVAILABILITY = YES_AGGRESSIVE;
				CLANG_WARN_UNREACHABLE_CODE = YES;
				CLANG_WARN__DUPLICATE_METHOD_MATCH = YES;
				CODE_SIGN_IDENTITY = "iPhone Developer";
				COPY_PHASE_STRIP = NO;
				DEBUG_INFORMATION_FORMAT = dwarf;
				ENABLE_STRICT_OBJC_MSGSEND = YES;
				ENABLE_TESTABILITY = YES;
				GCC_C_LANGUAGE_STANDARD = gnu11;
				GCC_DYNAMIC_NO_PIC = NO;
				GCC_NO_COMMON_BLOCKS = YES;
				GCC_OPTIMIZATION_LEVEL = 0;
				GCC_PREPROCESSOR_DEFINITIONS = (
					"DEBUG=1",
					"$(inherited)",
				);
				GCC_WARN_64_TO_32_BIT_CONVERSION = YES;
				GCC_WARN_ABOUT_RETURN_TYPE = YES_ERROR;
				GCC_WARN_UNDECLARED_SELECTOR = YES;
				GCC_WARN_UNINITIALIZED_AUTOS = YES_AGGRESSIVE;
				GCC_WARN_UNUSED_FUNCTION = YES;
				GCC_WARN_UNUSED_VARIABLE = YES;
				IPHONEOS_DEPLOYMENT_TARGET = 11.3;
				MTL_ENABLE_DEBUG_INFO = YES;
				ONLY_ACTIVE_ARCH = YES;
				SDKROOT = iphoneos;
				SWIFT_ACTIVE_COMPILATION_CONDITIONS = DEBUG;
				SWIFT_OPTIMIZATION_LEVEL = "-Onone";
				SWIFT_VERSION = 4.0;
			};
			name = Debug;
		};
		B2E158962171B194007C8A93 /* Release */ = {
			isa = XCBuildConfiguration;
			buildSettings = {
				ALWAYS_SEARCH_USER_PATHS = NO;
				CLANG_ANALYZER_NONNULL = YES;
				CLANG_ANALYZER_NUMBER_OBJECT_CONVERSION = YES_AGGRESSIVE;
				CLANG_CXX_LANGUAGE_STANDARD = "gnu++14";
				CLANG_CXX_LIBRARY = "libc++";
				CLANG_ENABLE_MODULES = YES;
				CLANG_ENABLE_OBJC_ARC = YES;
				CLANG_ENABLE_OBJC_WEAK = YES;
				CLANG_WARN_BLOCK_CAPTURE_AUTORELEASING = YES;
				CLANG_WARN_BOOL_CONVERSION = YES;
				CLANG_WARN_COMMA = YES;
				CLANG_WARN_CONSTANT_CONVERSION = YES;
				CLANG_WARN_DEPRECATED_OBJC_IMPLEMENTATIONS = YES;
				CLANG_WARN_DIRECT_OBJC_ISA_USAGE = YES_ERROR;
				CLANG_WARN_DOCUMENTATION_COMMENTS = YES;
				CLANG_WARN_EMPTY_BODY = YES;
				CLANG_WARN_ENUM_CONVERSION = YES;
				CLANG_WARN_INFINITE_RECURSION = YES;
				CLANG_WARN_INT_CONVERSION = YES;
				CLANG_WARN_NON_LITERAL_NULL_CONVERSION = YES;
				CLANG_WARN_OBJC_IMPLICIT_RETAIN_SELF = YES;
				CLANG_WARN_OBJC_LITERAL_CONVERSION = YES;
				CLANG_WARN_OBJC_ROOT_CLASS = YES_ERROR;
				CLANG_WARN_RANGE_LOOP_ANALYSIS = YES;
				CLANG_WARN_STRICT_PROTOTYPES = YES;
				CLANG_WARN_SUSPICIOUS_MOVE = YES;
				CLANG_WARN_UNGUARDED_AVAILABILITY = YES_AGGRESSIVE;
				CLANG_WARN_UNREACHABLE_CODE = YES;
				CLANG_WARN__DUPLICATE_METHOD_MATCH = YES;
				CODE_SIGN_IDENTITY = "iPhone Developer";
				COPY_PHASE_STRIP = NO;
				DEBUG_INFORMATION_FORMAT = "dwarf-with-dsym";
				ENABLE_NS_ASSERTIONS = NO;
				ENABLE_STRICT_OBJC_MSGSEND = YES;
				GCC_C_LANGUAGE_STANDARD = gnu11;
				GCC_NO_COMMON_BLOCKS = YES;
				GCC_WARN_64_TO_32_BIT_CONVERSION = YES;
				GCC_WARN_ABOUT_RETURN_TYPE = YES_ERROR;
				GCC_WARN_UNDECLARED_SELECTOR = YES;
				GCC_WARN_UNINITIALIZED_AUTOS = YES_AGGRESSIVE;
				GCC_WARN_UNUSED_FUNCTION = YES;
				GCC_WARN_UNUSED_VARIABLE = YES;
				IPHONEOS_DEPLOYMENT_TARGET = 11.3;
				MTL_ENABLE_DEBUG_INFO = NO;
				SDKROOT = iphoneos;
				SWIFT_COMPILATION_MODE = wholemodule;
				SWIFT_OPTIMIZATION_LEVEL = "-O";
				SWIFT_VERSION = 4.0;
				VALIDATE_PRODUCT = YES;
			};
			name = Release;
		};
		B2E158982171B194007C8A93 /* Debug */ = {
			isa = XCBuildConfiguration;
			baseConfigurationReference = 72468C9C941A878E849ECA5B /* Pods-Movie App.debug.xcconfig */;
			buildSettings = {
				ASSETCATALOG_COMPILER_APPICON_NAME = AppIcon;
				CODE_SIGN_STYLE = Automatic;
				DEVELOPMENT_TEAM = 6M3V2AL9BJ;
				INFOPLIST_FILE = "Movie App/Info.plist";
				LD_RUNPATH_SEARCH_PATHS = (
					"$(inherited)",
					"@executable_path/Frameworks",
				);
				PRODUCT_BUNDLE_IDENTIFIER = "com.Amit.Movie-App";
				PRODUCT_NAME = "$(TARGET_NAME)";
				SWIFT_VERSION = 4.0;
				TARGETED_DEVICE_FAMILY = "1,2";
			};
			name = Debug;
		};
		B2E158992171B194007C8A93 /* Release */ = {
			isa = XCBuildConfiguration;
			baseConfigurationReference = 9770ADAEC936EEFC4682AB4C /* Pods-Movie App.release.xcconfig */;
			buildSettings = {
				ASSETCATALOG_COMPILER_APPICON_NAME = AppIcon;
				CODE_SIGN_STYLE = Automatic;
				DEVELOPMENT_TEAM = 6M3V2AL9BJ;
				INFOPLIST_FILE = "Movie App/Info.plist";
				LD_RUNPATH_SEARCH_PATHS = (
					"$(inherited)",
					"@executable_path/Frameworks",
				);
				PRODUCT_BUNDLE_IDENTIFIER = "com.Amit.Movie-App";
				PRODUCT_NAME = "$(TARGET_NAME)";
				SWIFT_VERSION = 4.0;
				TARGETED_DEVICE_FAMILY = "1,2";
			};
			name = Release;
		};
/* End XCBuildConfiguration section */

/* Begin XCConfigurationList section */
		B25B2F0621E331FA00FA908F /* Build configuration list for PBXNativeTarget "Movie AppTests" */ = {
			isa = XCConfigurationList;
			buildConfigurations = (
				B25B2F0421E331FA00FA908F /* Debug */,
				B25B2F0521E331FA00FA908F /* Release */,
			);
			defaultConfigurationIsVisible = 0;
			defaultConfigurationName = Release;
		};
		B2E158802171B192007C8A93 /* Build configuration list for PBXProject "Movie App" */ = {
			isa = XCConfigurationList;
			buildConfigurations = (
				B2E158952171B194007C8A93 /* Debug */,
				B2E158962171B194007C8A93 /* Release */,
			);
			defaultConfigurationIsVisible = 0;
			defaultConfigurationName = Release;
		};
		B2E158972171B194007C8A93 /* Build configuration list for PBXNativeTarget "Movie App" */ = {
			isa = XCConfigurationList;
			buildConfigurations = (
				B2E158982171B194007C8A93 /* Debug */,
				B2E158992171B194007C8A93 /* Release */,
			);
			defaultConfigurationIsVisible = 0;
			defaultConfigurationName = Release;
		};
/* End XCConfigurationList section */
	};
	rootObject = B2E1587D2171B192007C8A93 /* Project object */;
}
